<?xml version="1.0" encoding="utf-8"?>
<Project ToolsVersion="4.0" xmlns="http://schemas.microsoft.com/developer/msbuild/2003">
  <ItemGroup>
    <Filter Include="Source Files">
      <UniqueIdentifier>{4FC737F1-C7A5-4376-A066-2A32D752A2FF}</UniqueIdentifier>
      <Extensions>cpp;c;cc;cxx;c++;cppm;ixx;def;odl;idl;hpj;bat;asm;asmx</Extensions>
    </Filter>
    <Filter Include="Header Files">
      <UniqueIdentifier>{93995380-89BD-4b04-88EB-625FBE52EBFB}</UniqueIdentifier>
      <Extensions>h;hh;hpp;hxx;h++;hm;inl;inc;ipp;xsd</Extensions>
    </Filter>
    <Filter Include="Resource Files">
      <UniqueIdentifier>{67DA6AB6-F800-4c08-8B7A-83BB121AAD01}</UniqueIdentifier>
      <Extensions>rc;ico;cur;bmp;dlg;rc2;rct;bin;rgs;gif;jpg;jpeg;jpe;resx;tiff;tif;png;wav;mfcribbon-ms</Extensions>
    </Filter>
    <Filter Include="Resource Files\Shaders">
      <UniqueIdentifier>{cfde18ea-2b45-4dc7-8a4c-daad884efa76}</UniqueIdentifier>
    </Filter>
    <Filter Include="Header Files\Util">
      <UniqueIdentifier>{a7fcd799-3674-44ed-baf3-906410853119}</UniqueIdentifier>
    </Filter>
    <Filter Include="Header Files\Util\Math">
      <UniqueIdentifier>{b4e4e62f-5bc6-48de-aa4e-95a6e03c6a4e}</UniqueIdentifier>
    </Filter>
    <Filter Include="Header Files\Util\Logger">
      <UniqueIdentifier>{718bb758-16c5-4ca8-9105-faed0793ec8d}</UniqueIdentifier>
    </Filter>
    <Filter Include="Header Files\Util\Collections">
      <UniqueIdentifier>{423bea7e-4aaa-4863-becb-eeaddb7d1ce5}</UniqueIdentifier>
    </Filter>
    <Filter Include="Header Files\Util\FileLoading">
      <UniqueIdentifier>{df59174c-b7dd-4a99-bd9c-e0d22a16d619}</UniqueIdentifier>
    </Filter>
    <Filter Include="Header Files\Util\Structures">
      <UniqueIdentifier>{7cefc05f-590d-44e2-9f5f-69665b64360f}</UniqueIdentifier>
    </Filter>
    <Filter Include="Header Files\Util\FileLoading\Compression">
      <UniqueIdentifier>{568e35b0-9ad8-4be4-9f66-d7b1ec9db1e0}</UniqueIdentifier>
    </Filter>
  </ItemGroup>
  <ItemGroup>
    <ClCompile Include="src\ButtonGuiElement.cpp">
      <Filter>Source Files</Filter>
    </ClCompile>
    <ClCompile Include="src\CanvasGuiElement.cpp">
      <Filter>Source Files</Filter>
    </ClCompile>
    <ClCompile Include="src\CanvasRegion.cpp">
      <Filter>Source Files</Filter>
    </ClCompile>
    <ClCompile Include="src\CircleSliderGuiElement.cpp">
      <Filter>Source Files</Filter>
    </ClCompile>
    <ClCompile Include="src\Controls.cpp">
      <Filter>Source Files</Filter>
    </ClCompile>
    <ClCompile Include="src\CroppedGuiElement.cpp">
      <Filter>Source Files</Filter>
    </ClCompile>
    <ClCompile Include="src\EBO.cpp">
      <Filter>Source Files</Filter>
    </ClCompile>
    <ClCompile Include="src\GuiElement.cpp">
      <Filter>Source Files</Filter>
    </ClCompile>
    <ClCompile Include="src\GuiEventManager.cpp">
      <Filter>Source Files</Filter>
    </ClCompile>
    <ClCompile Include="src\Image.cpp">
      <Filter>Source Files</Filter>
    </ClCompile>
    <ClCompile Include="src\ImageRegistry.cpp">
      <Filter>Source Files</Filter>
    </ClCompile>
    <ClCompile Include="src\main.cpp">
      <Filter>Source Files</Filter>
    </ClCompile>
    <ClCompile Include="src\MenuRegion.cpp">
      <Filter>Source Files</Filter>
    </ClCompile>
    <ClCompile Include="src\Painter.cpp">
      <Filter>Source Files</Filter>
    </ClCompile>
    <ClCompile Include="src\Region.cpp">
      <Filter>Source Files</Filter>
    </ClCompile>
    <ClCompile Include="src\RegionManager.cpp">
      <Filter>Source Files</Filter>
    </ClCompile>
    <ClCompile Include="src\ShaderClass.cpp">
      <Filter>Source Files</Filter>
    </ClCompile>
    <ClCompile Include="src\SliderGuiElement.cpp">
      <Filter>Source Files</Filter>
    </ClCompile>
    <ClCompile Include="src\SSBO.cpp">
      <Filter>Source Files</Filter>
    </ClCompile>
    <ClCompile Include="src\VAO.cpp">
      <Filter>Source Files</Filter>
    </ClCompile>
    <ClCompile Include="src\VBO.cpp">
      <Filter>Source Files</Filter>
    </ClCompile>
    <ClCompile Include="src\glad.c">
      <Filter>Source Files</Filter>
    </ClCompile>
    <ClCompile Include="src\PNG.cpp">
      <Filter>Header Files\Util\FileLoading</Filter>
    </ClCompile>
    <ClCompile Include="src\Inflate.cpp">
      <Filter>Header Files\Util\FileLoading\Compression</Filter>
    </ClCompile>
    <ClCompile Include="src\Logger.cpp">
      <Filter>Header Files\Util\Logger</Filter>
    </ClCompile>
    <ClCompile Include="src\Math.cpp">
      <Filter>Header Files\Util\Math</Filter>
    </ClCompile>
  </ItemGroup>
  <ItemGroup>
    <ClInclude Include="src\List.h">
      <Filter>Header Files\Util\Collections</Filter>
    </ClInclude>
    <ClInclude Include="src\BitReader.h">
      <Filter>Header Files\Util\FileLoading</Filter>
    </ClInclude>
    <ClInclude Include="src\PNG.h">
      <Filter>Header Files\Util\FileLoading</Filter>
    </ClInclude>
    <ClInclude Include="src\Inflate.h">
      <Filter>Header Files\Util\FileLoading\Compression</Filter>
    </ClInclude>
    <ClInclude Include="src\Logger.h">
      <Filter>Header Files\Util\Logger</Filter>
    </ClInclude>
    <ClInclude Include="src\Float2.h">
      <Filter>Header Files\Util\Math</Filter>
    </ClInclude>
    <ClInclude Include="src\Float4.h">
      <Filter>Header Files\Util\Math</Filter>
    </ClInclude>
    <ClInclude Include="src\Int2.h">
      <Filter>Header Files\Util\Math</Filter>
    </ClInclude>
    <ClInclude Include="src\Math.h">
      <Filter>Header Files\Util\Math</Filter>
    </ClInclude>
    <ClInclude Include="src\HuffmanTree.h">
      <Filter>Header Files\Util\Structures</Filter>
    </ClInclude>
    <ClInclude Include="src\ButtonGuiElement.h">
      <Filter>Header Files</Filter>
    </ClInclude>
    <ClInclude Include="src\CanvasGuiElement.h">
      <Filter>Header Files</Filter>
    </ClInclude>
    <ClInclude Include="src\CanvasRegion.h">
      <Filter>Header Files</Filter>
    </ClInclude>
    <ClInclude Include="src\CircleSliderGuiElement.h">
      <Filter>Header Files</Filter>
    </ClInclude>
    <ClInclude Include="src\Color.h">
      <Filter>Header Files</Filter>
    </ClInclude>
    <ClInclude Include="src\Controls.h">
      <Filter>Header Files</Filter>
    </ClInclude>
    <ClInclude Include="src\CroppedGuiElement.h">
      <Filter>Header Files</Filter>
    </ClInclude>
    <ClInclude Include="src\EBO.h">
      <Filter>Header Files</Filter>
    </ClInclude>
    <ClInclude Include="src\GuiElement.h">
      <Filter>Header Files</Filter>
    </ClInclude>
    <ClInclude Include="src\GuiEventManager.h">
      <Filter>Header Files</Filter>
    </ClInclude>
    <ClInclude Include="src\Image.h">
      <Filter>Header Files</Filter>
    </ClInclude>
    <ClInclude Include="src\ImageRegistry.h">
      <Filter>Header Files</Filter>
    </ClInclude>
    <ClInclude Include="src\MenuRegion.h">
      <Filter>Header Files</Filter>
    </ClInclude>
    <ClInclude Include="src\Painter.h">
      <Filter>Header Files</Filter>
    </ClInclude>
    <ClInclude Include="src\Region.h">
      <Filter>Header Files</Filter>
    </ClInclude>
    <ClInclude Include="src\RegionAlignment.h">
      <Filter>Header Files</Filter>
    </ClInclude>
    <ClInclude Include="src\RegionManager.h">
      <Filter>Header Files</Filter>
    </ClInclude>
    <ClInclude Include="src\shaderClass.h">
      <Filter>Header Files</Filter>
    </ClInclude>
    <ClInclude Include="src\SliderGuiElement.h">
      <Filter>Header Files</Filter>
    </ClInclude>
    <ClInclude Include="src\SSBO.h">
      <Filter>Header Files</Filter>
    </ClInclude>
    <ClInclude Include="src\VAO.h">
      <Filter>Header Files</Filter>
    </ClInclude>
    <ClInclude Include="src\VBO.h">
      <Filter>Header Files</Filter>
    </ClInclude>
    <ClInclude Include="src\Util.h">
      <Filter>Header Files\Util</Filter>
    </ClInclude>
  </ItemGroup>
  <ItemGroup>
    <None Include="resources\shaders\default.frag">
      <Filter>Resource Files\Shaders</Filter>
    </None>
    <None Include="resources\shaders\default.vert">
      <Filter>Resource Files\Shaders</Filter>
    </None>
  </ItemGroup>
</Project>